
Microsoft Visual Studio Solution File, Format Version 12.00
# Visual Studio Version 16
VisualStudioVersion = 16.0.31025.194
MinimumVisualStudioVersion = 10.0.40219.1
Project("{FAE04EC0-301F-11D3-BF4B-00C04F79EFBC}") = "program", "program\program.csproj", "{7257846D-EA41-4CD8-842E-94419B3712C2}"
EndProject
Global
	GlobalSection(SolutionConfigurationPlatforms) = preSolution
		Debug|Any CPU = Debug|Any CPU
		Release|Any CPU = Release|Any CPU
	EndGlobalSection
	GlobalSection(ProjectConfigurationPlatforms) = postSolution
		{7257846D-EA41-4CD8-842E-94419B3712C2}.Debug|Any CPU.ActiveCfg = Debug|Any CPU
		{7257846D-EA41-4CD8-842E-94419B3712C2}.Debug|Any CPU.Build.0 = Debug|Any CPU
		{7257846D-EA41-4CD8-842E-94419B3712C2}.Release|Any CPU.ActiveCfg = Release|Any CPU
		{7257846D-EA41-4CD8-842E-94419B3712C2}.Release|Any CPU.Build.0 = Release|Any CPU
	EndGlobalSection
	GlobalSection(SolutionProperties) = preSolution
		HideSolutionNode = FALSE
	EndGlobalSection
	GlobalSection(ExtensibilityGlobals) = postSolution
		SolutionGuid = {54B17601-3DC7-4734-B744-62F2D857E0F5}
	EndGlobalSection
EndGlobal
