
Microsoft Visual Studio Solution File, Format Version 12.00
# Visual Studio Version 17
VisualStudioVersion = 17.1.32319.34
MinimumVisualStudioVersion = 10.0.40219.1
Project("{FAE04EC0-301F-11D3-BF4B-00C04F79EFBC}") = "SiteBatista", "SiteBatista\SiteBatista.csproj", "{5C5E02D5-3072-4BB3-957F-C85A419BC575}"
EndProject
Global
	GlobalSection(SolutionConfigurationPlatforms) = preSolution
		Debug|Any CPU = Debug|Any CPU
		Release|Any CPU = Release|Any CPU
	EndGlobalSection
	GlobalSection(ProjectConfigurationPlatforms) = postSolution
		{5C5E02D5-3072-4BB3-957F-C85A419BC575}.Debug|Any CPU.ActiveCfg = Debug|Any CPU
		{5C5E02D5-3072-4BB3-957F-C85A419BC575}.Debug|Any CPU.Build.0 = Debug|Any CPU
		{5C5E02D5-3072-4BB3-957F-C85A419BC575}.Release|Any CPU.ActiveCfg = Release|Any CPU
		{5C5E02D5-3072-4BB3-957F-C85A419BC575}.Release|Any CPU.Build.0 = Release|Any CPU
	EndGlobalSection
	GlobalSection(SolutionProperties) = preSolution
		HideSolutionNode = FALSE
	EndGlobalSection
	GlobalSection(ExtensibilityGlobals) = postSolution
		SolutionGuid = {7F416AE2-E65C-4ED6-8DA9-1F600A50B96D}
	EndGlobalSection
EndGlobal
