
Microsoft Visual Studio Solution File, Format Version 12.00
# Visual Studio Version 16
VisualStudioVersion = 16.0.31025.194
MinimumVisualStudioVersion = 10.0.40219.1
Project("{FAE04EC0-301F-11D3-BF4B-00C04F79EFBC}") = "program", "program\program.csproj", "{ADABD653-C671-402E-B637-994F6DFD27AD}"
EndProject
Global
	GlobalSection(SolutionConfigurationPlatforms) = preSolution
		Debug|Any CPU = Debug|Any CPU
		Release|Any CPU = Release|Any CPU
	EndGlobalSection
	GlobalSection(ProjectConfigurationPlatforms) = postSolution
		{ADABD653-C671-402E-B637-994F6DFD27AD}.Debug|Any CPU.ActiveCfg = Debug|Any CPU
		{ADABD653-C671-402E-B637-994F6DFD27AD}.Debug|Any CPU.Build.0 = Debug|Any CPU
		{ADABD653-C671-402E-B637-994F6DFD27AD}.Release|Any CPU.ActiveCfg = Release|Any CPU
		{ADABD653-C671-402E-B637-994F6DFD27AD}.Release|Any CPU.Build.0 = Release|Any CPU
	EndGlobalSection
	GlobalSection(SolutionProperties) = preSolution
		HideSolutionNode = FALSE
	EndGlobalSection
	GlobalSection(ExtensibilityGlobals) = postSolution
		SolutionGuid = {9AAA1AA5-3430-4C1A-ABF8-C10AC2678E8F}
	EndGlobalSection
EndGlobal
