
Microsoft Visual Studio Solution File, Format Version 12.00
# Visual Studio Version 16
VisualStudioVersion = 16.0.31025.194
MinimumVisualStudioVersion = 10.0.40219.1
Project("{FAE04EC0-301F-11D3-BF4B-00C04F79EFBC}") = "program", "program\program.csproj", "{00659D47-7B43-4FAB-B7EE-FAD459273A5A}"
EndProject
Global
	GlobalSection(SolutionConfigurationPlatforms) = preSolution
		Debug|Any CPU = Debug|Any CPU
		Release|Any CPU = Release|Any CPU
	EndGlobalSection
	GlobalSection(ProjectConfigurationPlatforms) = postSolution
		{00659D47-7B43-4FAB-B7EE-FAD459273A5A}.Debug|Any CPU.ActiveCfg = Debug|Any CPU
		{00659D47-7B43-4FAB-B7EE-FAD459273A5A}.Debug|Any CPU.Build.0 = Debug|Any CPU
		{00659D47-7B43-4FAB-B7EE-FAD459273A5A}.Release|Any CPU.ActiveCfg = Release|Any CPU
		{00659D47-7B43-4FAB-B7EE-FAD459273A5A}.Release|Any CPU.Build.0 = Release|Any CPU
	EndGlobalSection
	GlobalSection(SolutionProperties) = preSolution
		HideSolutionNode = FALSE
	EndGlobalSection
	GlobalSection(ExtensibilityGlobals) = postSolution
		SolutionGuid = {8FE7F7A2-4019-4386-A7D9-2D341F78E96A}
	EndGlobalSection
EndGlobal
