
Microsoft Visual Studio Solution File, Format Version 12.00
# Visual Studio Version 16
VisualStudioVersion = 16.0.31205.134
MinimumVisualStudioVersion = 10.0.40219.1
Project("{FAE04EC0-301F-11D3-BF4B-00C04F79EFBC}") = "ConosoleTeste", "ConosoleTeste\ConosoleTeste.csproj", "{44B14DAC-83A4-4850-9FAC-E2A966B5572B}"
EndProject
Global
	GlobalSection(SolutionConfigurationPlatforms) = preSolution
		Debug|Any CPU = Debug|Any CPU
		Release|Any CPU = Release|Any CPU
	EndGlobalSection
	GlobalSection(ProjectConfigurationPlatforms) = postSolution
		{44B14DAC-83A4-4850-9FAC-E2A966B5572B}.Debug|Any CPU.ActiveCfg = Debug|Any CPU
		{44B14DAC-83A4-4850-9FAC-E2A966B5572B}.Debug|Any CPU.Build.0 = Debug|Any CPU
		{44B14DAC-83A4-4850-9FAC-E2A966B5572B}.Release|Any CPU.ActiveCfg = Release|Any CPU
		{44B14DAC-83A4-4850-9FAC-E2A966B5572B}.Release|Any CPU.Build.0 = Release|Any CPU
	EndGlobalSection
	GlobalSection(SolutionProperties) = preSolution
		HideSolutionNode = FALSE
	EndGlobalSection
	GlobalSection(ExtensibilityGlobals) = postSolution
		SolutionGuid = {9A9459AF-74A0-4FB4-855C-0051911D63ED}
	EndGlobalSection
EndGlobal
