
Microsoft Visual Studio Solution File, Format Version 12.00
# Visual Studio Version 16
VisualStudioVersion = 16.0.30413.136
MinimumVisualStudioVersion = 10.0.40219.1
Project("{FAE04EC0-301F-11D3-BF4B-00C04F79EFBC}") = "Program", "Program\Program.csproj", "{EAA937D4-C995-4194-91B6-7A24F5C2E10E}"
EndProject
Global
	GlobalSection(SolutionConfigurationPlatforms) = preSolution
		Debug|Any CPU = Debug|Any CPU
		Release|Any CPU = Release|Any CPU
	EndGlobalSection
	GlobalSection(ProjectConfigurationPlatforms) = postSolution
		{EAA937D4-C995-4194-91B6-7A24F5C2E10E}.Debug|Any CPU.ActiveCfg = Debug|Any CPU
		{EAA937D4-C995-4194-91B6-7A24F5C2E10E}.Debug|Any CPU.Build.0 = Debug|Any CPU
		{EAA937D4-C995-4194-91B6-7A24F5C2E10E}.Release|Any CPU.ActiveCfg = Release|Any CPU
		{EAA937D4-C995-4194-91B6-7A24F5C2E10E}.Release|Any CPU.Build.0 = Release|Any CPU
	EndGlobalSection
	GlobalSection(SolutionProperties) = preSolution
		HideSolutionNode = FALSE
	EndGlobalSection
	GlobalSection(ExtensibilityGlobals) = postSolution
		SolutionGuid = {2A6F02AC-5D32-472E-A446-C9BFAE73EAAD}
	EndGlobalSection
EndGlobal
