
Microsoft Visual Studio Solution File, Format Version 12.00
# Visual Studio Version 17
VisualStudioVersion = 17.0.32014.148
MinimumVisualStudioVersion = 10.0.40219.1
Project("{FAE04EC0-301F-11D3-BF4B-00C04F79EFBC}") = "RenomeiaCompleto2", "RenomeiaCompleto2\RenomeiaCompleto2.csproj", "{4AE8DAE0-5C55-4E6E-BEAB-2E955F58AB3C}"
EndProject
Global
	GlobalSection(SolutionConfigurationPlatforms) = preSolution
		Debug|Any CPU = Debug|Any CPU
		Release|Any CPU = Release|Any CPU
	EndGlobalSection
	GlobalSection(ProjectConfigurationPlatforms) = postSolution
		{4AE8DAE0-5C55-4E6E-BEAB-2E955F58AB3C}.Debug|Any CPU.ActiveCfg = Debug|Any CPU
		{4AE8DAE0-5C55-4E6E-BEAB-2E955F58AB3C}.Debug|Any CPU.Build.0 = Debug|Any CPU
		{4AE8DAE0-5C55-4E6E-BEAB-2E955F58AB3C}.Release|Any CPU.ActiveCfg = Release|Any CPU
		{4AE8DAE0-5C55-4E6E-BEAB-2E955F58AB3C}.Release|Any CPU.Build.0 = Release|Any CPU
	EndGlobalSection
	GlobalSection(SolutionProperties) = preSolution
		HideSolutionNode = FALSE
	EndGlobalSection
	GlobalSection(ExtensibilityGlobals) = postSolution
		SolutionGuid = {725BA784-AED5-452E-BE43-F5AA614DC236}
	EndGlobalSection
EndGlobal
