
Microsoft Visual Studio Solution File, Format Version 12.00
# Visual Studio Version 16
VisualStudioVersion = 16.0.30413.136
MinimumVisualStudioVersion = 10.0.40219.1
Project("{FAE04EC0-301F-11D3-BF4B-00C04F79EFBC}") = "program", "program\program.csproj", "{20DEC913-222B-4483-88AA-D180200B5AC9}"
EndProject
Global
	GlobalSection(SolutionConfigurationPlatforms) = preSolution
		Debug|Any CPU = Debug|Any CPU
		Release|Any CPU = Release|Any CPU
	EndGlobalSection
	GlobalSection(ProjectConfigurationPlatforms) = postSolution
		{20DEC913-222B-4483-88AA-D180200B5AC9}.Debug|Any CPU.ActiveCfg = Debug|Any CPU
		{20DEC913-222B-4483-88AA-D180200B5AC9}.Debug|Any CPU.Build.0 = Debug|Any CPU
		{20DEC913-222B-4483-88AA-D180200B5AC9}.Release|Any CPU.ActiveCfg = Release|Any CPU
		{20DEC913-222B-4483-88AA-D180200B5AC9}.Release|Any CPU.Build.0 = Release|Any CPU
	EndGlobalSection
	GlobalSection(SolutionProperties) = preSolution
		HideSolutionNode = FALSE
	EndGlobalSection
	GlobalSection(ExtensibilityGlobals) = postSolution
		SolutionGuid = {4A8030E3-6CE5-4ADB-B527-6B0C8FF2065B}
	EndGlobalSection
EndGlobal
