
Microsoft Visual Studio Solution File, Format Version 12.00
# Visual Studio Version 16
VisualStudioVersion = 16.0.31402.337
MinimumVisualStudioVersion = 10.0.40219.1
Project("{FAE04EC0-301F-11D3-BF4B-00C04F79EFBC}") = "Programa", "Programa\Programa.csproj", "{D1795647-4390-4612-9C5D-6502F9533B7C}"
EndProject
Global
	GlobalSection(SolutionConfigurationPlatforms) = preSolution
		Debug|Any CPU = Debug|Any CPU
		Release|Any CPU = Release|Any CPU
	EndGlobalSection
	GlobalSection(ProjectConfigurationPlatforms) = postSolution
		{D1795647-4390-4612-9C5D-6502F9533B7C}.Debug|Any CPU.ActiveCfg = Debug|Any CPU
		{D1795647-4390-4612-9C5D-6502F9533B7C}.Debug|Any CPU.Build.0 = Debug|Any CPU
		{D1795647-4390-4612-9C5D-6502F9533B7C}.Release|Any CPU.ActiveCfg = Release|Any CPU
		{D1795647-4390-4612-9C5D-6502F9533B7C}.Release|Any CPU.Build.0 = Release|Any CPU
	EndGlobalSection
	GlobalSection(SolutionProperties) = preSolution
		HideSolutionNode = FALSE
	EndGlobalSection
	GlobalSection(ExtensibilityGlobals) = postSolution
		SolutionGuid = {54007BF7-A5BB-4F80-AACA-5A2EA293178A}
	EndGlobalSection
EndGlobal
