
Microsoft Visual Studio Solution File, Format Version 12.00
# Visual Studio Version 16
VisualStudioVersion = 16.0.30413.136
MinimumVisualStudioVersion = 10.0.40219.1
Project("{FAE04EC0-301F-11D3-BF4B-00C04F79EFBC}") = "Course", "Course\Course.csproj", "{430DBA69-47EA-466B-81BB-E1FEB3AFA896}"
EndProject
Global
	GlobalSection(SolutionConfigurationPlatforms) = preSolution
		Debug|Any CPU = Debug|Any CPU
		Release|Any CPU = Release|Any CPU
	EndGlobalSection
	GlobalSection(ProjectConfigurationPlatforms) = postSolution
		{430DBA69-47EA-466B-81BB-E1FEB3AFA896}.Debug|Any CPU.ActiveCfg = Debug|Any CPU
		{430DBA69-47EA-466B-81BB-E1FEB3AFA896}.Debug|Any CPU.Build.0 = Debug|Any CPU
		{430DBA69-47EA-466B-81BB-E1FEB3AFA896}.Release|Any CPU.ActiveCfg = Release|Any CPU
		{430DBA69-47EA-466B-81BB-E1FEB3AFA896}.Release|Any CPU.Build.0 = Release|Any CPU
	EndGlobalSection
	GlobalSection(SolutionProperties) = preSolution
		HideSolutionNode = FALSE
	EndGlobalSection
	GlobalSection(ExtensibilityGlobals) = postSolution
		SolutionGuid = {2BD7FFBE-A120-45AD-8835-EB578749F259}
	EndGlobalSection
EndGlobal
