
Microsoft Visual Studio Solution File, Format Version 12.00
# Visual Studio Version 16
VisualStudioVersion = 16.0.31025.194
MinimumVisualStudioVersion = 10.0.40219.1
Project("{FAE04EC0-301F-11D3-BF4B-00C04F79EFBC}") = "Course", "Course\Course.csproj", "{F110DB81-A7A3-4451-B747-029AC1D6B1C8}"
EndProject
Global
	GlobalSection(SolutionConfigurationPlatforms) = preSolution
		Debug|Any CPU = Debug|Any CPU
		Release|Any CPU = Release|Any CPU
	EndGlobalSection
	GlobalSection(ProjectConfigurationPlatforms) = postSolution
		{F110DB81-A7A3-4451-B747-029AC1D6B1C8}.Debug|Any CPU.ActiveCfg = Debug|Any CPU
		{F110DB81-A7A3-4451-B747-029AC1D6B1C8}.Debug|Any CPU.Build.0 = Debug|Any CPU
		{F110DB81-A7A3-4451-B747-029AC1D6B1C8}.Release|Any CPU.ActiveCfg = Release|Any CPU
		{F110DB81-A7A3-4451-B747-029AC1D6B1C8}.Release|Any CPU.Build.0 = Release|Any CPU
	EndGlobalSection
	GlobalSection(SolutionProperties) = preSolution
		HideSolutionNode = FALSE
	EndGlobalSection
	GlobalSection(ExtensibilityGlobals) = postSolution
		SolutionGuid = {1FFE74A5-4AA4-429C-BAFB-2259FF4DE239}
	EndGlobalSection
EndGlobal
