
Microsoft Visual Studio Solution File, Format Version 12.00
# Visual Studio Version 17
VisualStudioVersion = 17.1.32319.34
MinimumVisualStudioVersion = 10.0.40219.1
Project("{FAE04EC0-301F-11D3-BF4B-00C04F79EFBC}") = "WebApplication", "WebApplication\WebApplication.csproj", "{5AFBB83B-0BF0-40AF-98FD-2906E1F0DD3A}"
EndProject
Global
	GlobalSection(SolutionConfigurationPlatforms) = preSolution
		Debug|Any CPU = Debug|Any CPU
		Release|Any CPU = Release|Any CPU
	EndGlobalSection
	GlobalSection(ProjectConfigurationPlatforms) = postSolution
		{5AFBB83B-0BF0-40AF-98FD-2906E1F0DD3A}.Debug|Any CPU.ActiveCfg = Debug|Any CPU
		{5AFBB83B-0BF0-40AF-98FD-2906E1F0DD3A}.Debug|Any CPU.Build.0 = Debug|Any CPU
		{5AFBB83B-0BF0-40AF-98FD-2906E1F0DD3A}.Release|Any CPU.ActiveCfg = Release|Any CPU
		{5AFBB83B-0BF0-40AF-98FD-2906E1F0DD3A}.Release|Any CPU.Build.0 = Release|Any CPU
	EndGlobalSection
	GlobalSection(SolutionProperties) = preSolution
		HideSolutionNode = FALSE
	EndGlobalSection
	GlobalSection(ExtensibilityGlobals) = postSolution
		SolutionGuid = {09254AF5-27D3-4DC0-96AE-539C8A69691F}
	EndGlobalSection
EndGlobal
