
Microsoft Visual Studio Solution File, Format Version 12.00
# Visual Studio Version 16
VisualStudioVersion = 16.0.31205.134
MinimumVisualStudioVersion = 10.0.40219.1
Project("{FAE04EC0-301F-11D3-BF4B-00C04F79EFBC}") = "programa", "programa\programa.csproj", "{D2326B94-EE73-496E-96EA-9D53D1DC5E5E}"
EndProject
Global
	GlobalSection(SolutionConfigurationPlatforms) = preSolution
		Debug|Any CPU = Debug|Any CPU
		Release|Any CPU = Release|Any CPU
	EndGlobalSection
	GlobalSection(ProjectConfigurationPlatforms) = postSolution
		{D2326B94-EE73-496E-96EA-9D53D1DC5E5E}.Debug|Any CPU.ActiveCfg = Debug|Any CPU
		{D2326B94-EE73-496E-96EA-9D53D1DC5E5E}.Debug|Any CPU.Build.0 = Debug|Any CPU
		{D2326B94-EE73-496E-96EA-9D53D1DC5E5E}.Release|Any CPU.ActiveCfg = Release|Any CPU
		{D2326B94-EE73-496E-96EA-9D53D1DC5E5E}.Release|Any CPU.Build.0 = Release|Any CPU
	EndGlobalSection
	GlobalSection(SolutionProperties) = preSolution
		HideSolutionNode = FALSE
	EndGlobalSection
	GlobalSection(ExtensibilityGlobals) = postSolution
		SolutionGuid = {7FBB85D2-F261-4401-A261-FF1E998DBB96}
	EndGlobalSection
EndGlobal
