
Microsoft Visual Studio Solution File, Format Version 12.00
# Visual Studio Version 16
VisualStudioVersion = 16.0.31205.134
MinimumVisualStudioVersion = 10.0.40219.1
Project("{FAE04EC0-301F-11D3-BF4B-00C04F79EFBC}") = "Program", "Program\Program.csproj", "{5D159F6A-1381-49E8-8D9E-2D9B29BD85DE}"
EndProject
Global
	GlobalSection(SolutionConfigurationPlatforms) = preSolution
		Debug|Any CPU = Debug|Any CPU
		Release|Any CPU = Release|Any CPU
	EndGlobalSection
	GlobalSection(ProjectConfigurationPlatforms) = postSolution
		{5D159F6A-1381-49E8-8D9E-2D9B29BD85DE}.Debug|Any CPU.ActiveCfg = Debug|Any CPU
		{5D159F6A-1381-49E8-8D9E-2D9B29BD85DE}.Debug|Any CPU.Build.0 = Debug|Any CPU
		{5D159F6A-1381-49E8-8D9E-2D9B29BD85DE}.Release|Any CPU.ActiveCfg = Release|Any CPU
		{5D159F6A-1381-49E8-8D9E-2D9B29BD85DE}.Release|Any CPU.Build.0 = Release|Any CPU
	EndGlobalSection
	GlobalSection(SolutionProperties) = preSolution
		HideSolutionNode = FALSE
	EndGlobalSection
	GlobalSection(ExtensibilityGlobals) = postSolution
		SolutionGuid = {21F314A7-57B8-4D0C-95B2-A27E77012FE0}
	EndGlobalSection
EndGlobal
